Microsoft Visual Studio Solution File, Format Version 12.00
# Visual Studio 2012
VisualStudioVersion = 12.0.0.0
MinimumVisualStudioVersion = 10.0.0.1
Project("{FAE04EC0-301F-11D3-BF4B-00C04F79EFBC}") = "Agile.Now.ApiAccessGroups2", "src\Agile.Now.ApiAccessGroups2\Agile.Now.ApiAccessGroups2.csproj", "{D5628F67-8DA6-4E12-A776-F655A3B69C2D}"
EndProject
Project("{FAE04EC0-301F-11D3-BF4B-00C04F79EFBC}") = "Agile.Now.ApiAccessGroups2.Test", "src\Agile.Now.ApiAccessGroups2.Test\Agile.Now.ApiAccessGroups2.Test.csproj", "{19F1DEBC-DE5E-4517-8062-F000CD499087}"
EndProject
Global
	GlobalSection(SolutionConfigurationPlatforms) = preSolution
		Debug|Any CPU = Debug|Any CPU
		Release|Any CPU = Release|Any CPU
	EndGlobalSection
	GlobalSection(ProjectConfigurationPlatforms) = postSolution
		{D5628F67-8DA6-4E12-A776-F655A3B69C2D}.Debug|Any CPU.ActiveCfg = Debug|Any CPU
		{D5628F67-8DA6-4E12-A776-F655A3B69C2D}.Debug|Any CPU.Build.0 = Debug|Any CPU
		{D5628F67-8DA6-4E12-A776-F655A3B69C2D}.Release|Any CPU.ActiveCfg = Release|Any CPU
		{D5628F67-8DA6-4E12-A776-F655A3B69C2D}.Release|Any CPU.Build.0 = Release|Any CPU
		{19F1DEBC-DE5E-4517-8062-F000CD499087}.Debug|Any CPU.ActiveCfg = Debug|Any CPU
		{19F1DEBC-DE5E-4517-8062-F000CD499087}.Debug|Any CPU.Build.0 = Debug|Any CPU
		{19F1DEBC-DE5E-4517-8062-F000CD499087}.Release|Any CPU.ActiveCfg = Release|Any CPU
		{19F1DEBC-DE5E-4517-8062-F000CD499087}.Release|Any CPU.Build.0 = Release|Any CPU
	EndGlobalSection
	GlobalSection(SolutionProperties) = preSolution
		HideSolutionNode = FALSE
	EndGlobalSection
EndGlobal